// !$*UTF8*$!
{
	archiveVersion = 1;
	classes = {
	};
	objectVersion = 46;
	objects = {

/* Begin PBXBuildFile section */
		EA71D67618DC989500DE49AB /* Foundation.framework in Frameworks */ = {isa = PBXBuildFile; fileRef = EA71D67518DC989500DE49AB /* Foundation.framework */; };
		EA71D67818DC989500DE49AB /* CoreGraphics.framework in Frameworks */ = {isa = PBXBuildFile; fileRef = EA71D67718DC989500DE49AB /* CoreGraphics.framework */; };
		EA71D67A18DC989500DE49AB /* UIKit.framework in Frameworks */ = {isa = PBXBuildFile; fileRef = EA71D67918DC989500DE49AB /* UIKit.framework */; };
		EA71D67C18DC989500DE49AB /* CoreData.framework in Frameworks */ = {isa = PBXBuildFile; fileRef = EA71D67B18DC989500DE49AB /* CoreData.framework */; };
		EA71D68218DC989500DE49AB /* InfoPlist.strings in Resources */ = {isa = PBXBuildFile; fileRef = EA71D68018DC989500DE49AB /* InfoPlist.strings */; };
		EA71D68418DC989500DE49AB /* main.m in Sources */ = {isa = PBXBuildFile; fileRef = EA71D68318DC989500DE49AB /* main.m */; };
		EA71D68818DC989500DE49AB /* KwNAppDelegate.m in Sources */ = {isa = PBXBuildFile; fileRef = EA71D68718DC989500DE49AB /* KwNAppDelegate.m */; };
		EA71D68B18DC989500DE49AB /* Main.storyboard in Resources */ = {isa = PBXBuildFile; fileRef = EA71D68918DC989500DE49AB /* Main.storyboard */; };
		EA71D68E18DC989500DE49AB /* BlogReader.xcdatamodeld in Sources */ = {isa = PBXBuildFile; fileRef = EA71D68C18DC989500DE49AB /* BlogReader.xcdatamodeld */; };
		EA71D69118DC989500DE49AB /* KwNMasterViewController.m in Sources */ = {isa = PBXBuildFile; fileRef = EA71D69018DC989500DE49AB /* KwNMasterViewController.m */; };
		EA71D69418DC989500DE49AB /* KwNDetailViewController.m in Sources */ = {isa = PBXBuildFile; fileRef = EA71D69318DC989500DE49AB /* KwNDetailViewController.m */; };
		EA71D69618DC989500DE49AB /* Images.xcassets in Resources */ = {isa = PBXBuildFile; fileRef = EA71D69518DC989500DE49AB /* Images.xcassets */; };
		EA71D69D18DC989500DE49AB /* XCTest.framework in Frameworks */ = {isa = PBXBuildFile; fileRef = EA71D69C18DC989500DE49AB /* XCTest.framework */; };
		EA71D69E18DC989500DE49AB /* Foundation.framework in Frameworks */ = {isa = PBXBuildFile; fileRef = EA71D67518DC989500DE49AB /* Foundation.framework */; };
		EA71D69F18DC989500DE49AB /* UIKit.framework in Frameworks */ = {isa = PBXBuildFile; fileRef = EA71D67918DC989500DE49AB /* UIKit.framework */; };
		EA71D6A018DC989500DE49AB /* CoreData.framework in Frameworks */ = {isa = PBXBuildFile; fileRef = EA71D67B18DC989500DE49AB /* CoreData.framework */; };
		EA71D6A818DC989500DE49AB /* InfoPlist.strings in Resources */ = {isa = PBXBuildFile; fileRef = EA71D6A618DC989500DE49AB /* InfoPlist.strings */; };
		EA71D6AA18DC989500DE49AB /* BlogReaderTests.m in Sources */ = {isa = PBXBuildFile; fileRef = EA71D6A918DC989500DE49AB /* BlogReaderTests.m */; };
/* End PBXBuildFile section */

/* Begin PBXContainerItemProxy section */
		EA71D6A118DC989500DE49AB /* PBXContainerItemProxy */ = {
			isa = PBXContainerItemProxy;
			containerPortal = EA71D66A18DC989500DE49AB /* Project object */;
			proxyType = 1;
			remoteGlobalIDString = EA71D67118DC989500DE49AB;
			remoteInfo = BlogReader;
		};
/* End PBXContainerItemProxy section */

/* Begin PBXFileReference section */
		EA71D67218DC989500DE49AB /* BlogReader.app */ = {isa = PBXFileReference; explicitFileType = wrapper.application; includeInIndex = 0; path = BlogReader.app; sourceTree = BUILT_PRODUCTS_DIR; };
		EA71D67518DC989500DE49AB /* Foundation.framework */ = {isa = PBXFileReference; lastKnownFileType = wrapper.framework; name = Foundation.framework; path = System/Library/Frameworks/Foundation.framework; sourceTree = SDKROOT; };
		EA71D67718DC989500DE49AB /* CoreGraphics.framework */ = {isa = PBXFileReference; lastKnownFileType = wrapper.framework; name = CoreGraphics.framework; path = System/Library/Frameworks/CoreGraphics.framework; sourceTree = SDKROOT; };
		EA71D67918DC989500DE49AB /* UIKit.framework */ = {isa = PBXFileReference; lastKnownFileType = wrapper.framework; name = UIKit.framework; path = System/Library/Frameworks/UIKit.framework; sourceTree = SDKROOT; };
		EA71D67B18DC989500DE49AB /* CoreData.framework */ = {isa = PBXFileReference; lastKnownFileType = wrapper.framework; name = CoreData.framework; path = System/Library/Frameworks/CoreData.framework; sourceTree = SDKROOT; };
		EA71D67F18DC989500DE49AB /* BlogReader-Info.plist */ = {isa = PBXFileReference; lastKnownFileType = text.plist.xml; path = "BlogReader-Info.plist"; sourceTree = "<group>"; };
		EA71D68118DC989500DE49AB /* en */ = {isa = PBXFileReference; lastKnownFileType = text.plist.strings; name = en; path = en.lproj/InfoPlist.strings; sourceTree = "<group>"; };
		EA71D68318DC989500DE49AB /* main.m */ = {isa = PBXFileReference; lastKnownFileType = sourcecode.c.objc; path = main.m; sourceTree = "<group>"; };
		EA71D68518DC989500DE49AB /* BlogReader-Prefix.pch */ = {isa = PBXFileReference; lastKnownFileType = sourcecode.c.h; path = "BlogReader-Prefix.pch"; sourceTree = "<group>"; };
		EA71D68618DC989500DE49AB /* KwNAppDelegate.h */ = {isa = PBXFileReference; lastKnownFileType = sourcecode.c.h; path = KwNAppDelegate.h; sourceTree = "<group>"; };
		EA71D68718DC989500DE49AB /* KwNAppDelegate.m */ = {isa = PBXFileReference; lastKnownFileType = sourcecode.c.objc; path = KwNAppDelegate.m; sourceTree = "<group>"; };
		EA71D68A18DC989500DE49AB /* Base */ = {isa = PBXFileReference; lastKnownFileType = file.storyboard; name = Base; path = Base.lproj/Main.storyboard; sourceTree = "<group>"; };
		EA71D68D18DC989500DE49AB /* BlogReader.xcdatamodel */ = {isa = PBXFileReference; lastKnownFileType = wrapper.xcdatamodel; path = BlogReader.xcdatamodel; sourceTree = "<group>"; };
		EA71D68F18DC989500DE49AB /* KwNMasterViewController.h */ = {isa = PBXFileReference; lastKnownFileType = sourcecode.c.h; path = KwNMasterViewController.h; sourceTree = "<group>"; };
		EA71D69018DC989500DE49AB /* KwNMasterViewController.m */ = {isa = PBXFileReference; lastKnownFileType = sourcecode.c.objc; path = KwNMasterViewController.m; sourceTree = "<group>"; };
		EA71D69218DC989500DE49AB /* KwNDetailViewController.h */ = {isa = PBXFileReference; lastKnownFileType = sourcecode.c.h; path = KwNDetailViewController.h; sourceTree = "<group>"; };
		EA71D69318DC989500DE49AB /* KwNDetailViewController.m */ = {isa = PBXFileReference; lastKnownFileType = sourcecode.c.objc; path = KwNDetailViewController.m; sourceTree = "<group>"; };
		EA71D69518DC989500DE49AB /* Images.xcassets */ = {isa = PBXFileReference; lastKnownFileType = folder.assetcatalog; path = Images.xcassets; sourceTree = "<group>"; };
		EA71D69B18DC989500DE49AB /* BlogReaderTests.xctest */ = {isa = PBXFileReference; explicitFileType = wrapper.cfbundle; includeInIndex = 0; path = BlogReaderTests.xctest; sourceTree = BUILT_PRODUCTS_DIR; };
		EA71D69C18DC989500DE49AB /* XCTest.framework */ = {isa = PBXFileReference; lastKnownFileType = wrapper.framework; name = XCTest.framework; path = Library/Frameworks/XCTest.framework; sourceTree = DEVELOPER_DIR; };
		EA71D6A518DC989500DE49AB /* BlogReaderTests-Info.plist */ = {isa = PBXFileReference; lastKnownFileType = text.plist.xml; path = "BlogReaderTests-Info.plist"; sourceTree = "<group>"; };
		EA71D6A718DC989500DE49AB /* en */ = {isa = PBXFileReference; lastKnownFileType = text.plist.strings; name = en; path = en.lproj/InfoPlist.strings; sourceTree = "<group>"; };
		EA71D6A918DC989500DE49AB /* BlogReaderTests.m */ = {isa = PBXFileReference; lastKnownFileType = sourcecode.c.objc; path = BlogReaderTests.m; sourceTree = "<group>"; };
/* End PBXFileReference section */

/* Begin PBXFrameworksBuildPhase section */
		EA71D66F18DC989500DE49AB /* Frameworks */ = {
			isa = PBXFrameworksBuildPhase;
			buildActionMask = 2147483647;
			files = (
				EA71D67818DC989500DE49AB /* CoreGraphics.framework in Frameworks */,
				EA71D67C18DC989500DE49AB /* CoreData.framework in Frameworks */,
				EA71D67A18DC989500DE49AB /* UIKit.framework in Frameworks */,
				EA71D67618DC989500DE49AB /* Foundation.framework in Frameworks */,
			);
			runOnlyForDeploymentPostprocessing = 0;
		};
		EA71D69818DC989500DE49AB /* Frameworks */ = {
			isa = PBXFrameworksBuildPhase;
			buildActionMask = 2147483647;
			files = (
				EA71D69D18DC989500DE49AB /* XCTest.framework in Frameworks */,
				EA71D6A018DC989500DE49AB /* CoreData.framework in Frameworks */,
				EA71D69F18DC989500DE49AB /* UIKit.framework in Frameworks */,
				EA71D69E18DC989500DE49AB /* Foundation.framework in Frameworks */,
			);
			runOnlyForDeploymentPostprocessing = 0;
		};
/* End PBXFrameworksBuildPhase section */

/* Begin PBXGroup section */
		EA71D66918DC989500DE49AB = {
			isa = PBXGroup;
			children = (
				EA71D67D18DC989500DE49AB /* BlogReader */,
				EA71D6A318DC989500DE49AB /* BlogReaderTests */,
				EA71D67418DC989500DE49AB /* Frameworks */,
				EA71D67318DC989500DE49AB /* Products */,
			);
			sourceTree = "<group>";
		};
		EA71D67318DC989500DE49AB /* Products */ = {
			isa = PBXGroup;
			children = (
				EA71D67218DC989500DE49AB /* BlogReader.app */,
				EA71D69B18DC989500DE49AB /* BlogReaderTests.xctest */,
			);
			name = Products;
			sourceTree = "<group>";
		};
		EA71D67418DC989500DE49AB /* Frameworks */ = {
			isa = PBXGroup;
			children = (
				EA71D67518DC989500DE49AB /* Foundation.framework */,
				EA71D67718DC989500DE49AB /* CoreGraphics.framework */,
				EA71D67918DC989500DE49AB /* UIKit.framework */,
				EA71D67B18DC989500DE49AB /* CoreData.framework */,
				EA71D69C18DC989500DE49AB /* XCTest.framework */,
			);
			name = Frameworks;
			sourceTree = "<group>";
		};
		EA71D67D18DC989500DE49AB /* BlogReader */ = {
			isa = PBXGroup;
			children = (
				EA71D68618DC989500DE49AB /* KwNAppDelegate.h */,
				EA71D68718DC989500DE49AB /* KwNAppDelegate.m */,
				EA71D68918DC989500DE49AB /* Main.storyboard */,
				EA71D68F18DC989500DE49AB /* KwNMasterViewController.h */,
				EA71D69018DC989500DE49AB /* KwNMasterViewController.m */,
				EA71D69218DC989500DE49AB /* KwNDetailViewController.h */,
				EA71D69318DC989500DE49AB /* KwNDetailViewController.m */,
				EA71D69518DC989500DE49AB /* Images.xcassets */,
				EA71D68C18DC989500DE49AB /* BlogReader.xcdatamodeld */,
				EA71D67E18DC989500DE49AB /* Supporting Files */,
			);
			path = BlogReader;
			sourceTree = "<group>";
		};
		EA71D67E18DC989500DE49AB /* Supporting Files */ = {
			isa = PBXGroup;
			children = (
				EA71D67F18DC989500DE49AB /* BlogReader-Info.plist */,
				EA71D68018DC989500DE49AB /* InfoPlist.strings */,
				EA71D68318DC989500DE49AB /* main.m */,
				EA71D68518DC989500DE49AB /* BlogReader-Prefix.pch */,
			);
			name = "Supporting Files";
			sourceTree = "<group>";
		};
		EA71D6A318DC989500DE49AB /* BlogReaderTests */ = {
			isa = PBXGroup;
			children = (
				EA71D6A918DC989500DE49AB /* BlogReaderTests.m */,
				EA71D6A418DC989500DE49AB /* Supporting Files */,
			);
			path = BlogReaderTests;
			sourceTree = "<group>";
		};
		EA71D6A418DC989500DE49AB /* Supporting Files */ = {
			isa = PBXGroup;
			children = (
				EA71D6A518DC989500DE49AB /* BlogReaderTests-Info.plist */,
				EA71D6A618DC989500DE49AB /* InfoPlist.strings */,
			);
			name = "Supporting Files";
			sourceTree = "<group>";
		};
/* End PBXGroup section */

/* Begin PBXNativeTarget section */
		EA71D67118DC989500DE49AB /* BlogReader */ = {
			isa = PBXNativeTarget;
			buildConfigurationList = EA71D6AD18DC989500DE49AB /* Build configuration list for PBXNativeTarget "BlogReader" */;
			buildPhases = (
				EA71D66E18DC989500DE49AB /* Sources */,
				EA71D66F18DC989500DE49AB /* Frameworks */,
				EA71D67018DC989500DE49AB /* Resources */,
			);
			buildRules = (
			);
			dependencies = (
			);
			name = BlogReader;
			productName = BlogReader;
			productReference = EA71D67218DC989500DE49AB /* BlogReader.app */;
			productType = "com.apple.product-type.application";
		};
		EA71D69A18DC989500DE49AB /* BlogReaderTests */ = {
			isa = PBXNativeTarget;
			buildConfigurationList = EA71D6B018DC989500DE49AB /* Build configuration list for PBXNativeTarget "BlogReaderTests" */;
			buildPhases = (
				EA71D69718DC989500DE49AB /* Sources */,
				EA71D69818DC989500DE49AB /* Frameworks */,
				EA71D69918DC989500DE49AB /* Resources */,
			);
			buildRules = (
			);
			dependencies = (
				EA71D6A218DC989500DE49AB /* PBXTargetDependency */,
			);
			name = BlogReaderTests;
			productName = BlogReaderTests;
			productReference = EA71D69B18DC989500DE49AB /* BlogReaderTests.xctest */;
			productType = "com.apple.product-type.bundle.unit-test";
		};
/* End PBXNativeTarget section */

/* Begin PBXProject section */
		EA71D66A18DC989500DE49AB /* Project object */ = {
			isa = PBXProject;
			attributes = {
				CLASSPREFIX = KwN;
				LastUpgradeCheck = 0510;
				ORGANIZATIONNAME = Kwan;
				TargetAttributes = {
					EA71D69A18DC989500DE49AB = {
						TestTargetID = EA71D67118DC989500DE49AB;
					};
				};
			};
			buildConfigurationList = EA71D66D18DC989500DE49AB /* Build configuration list for PBXProject "BlogReader" */;
			compatibilityVersion = "Xcode 3.2";
			developmentRegion = English;
			hasScannedForEncodings = 0;
			knownRegions = (
				en,
				Base,
			);
			mainGroup = EA71D66918DC989500DE49AB;
			productRefGroup = EA71D67318DC989500DE49AB /* Products */;
			projectDirPath = "";
			projectRoot = "";
			targets = (
				EA71D67118DC989500DE49AB /* BlogReader */,
				EA71D69A18DC989500DE49AB /* BlogReaderTests */,
			);
		};
/* End PBXProject section */

/* Begin PBXResourcesBuildPhase section */
		EA71D67018DC989500DE49AB /* Resources */ = {
			isa = PBXResourcesBuildPhase;
			buildActionMask = 2147483647;
			files = (
				EA71D69618DC989500DE49AB /* Images.xcassets in Resources */,
				EA71D68218DC989500DE49AB /* InfoPlist.strings in Resources */,
				EA71D68B18DC989500DE49AB /* Main.storyboard in Resources */,
			);
			runOnlyForDeploymentPostprocessing = 0;
		};
		EA71D69918DC989500DE49AB /* Resources */ = {
			isa = PBXResourcesBuildPhase;
			buildActionMask = 2147483647;
			files = (
				EA71D6A818DC989500DE49AB /* InfoPlist.strings in Resources */,
			);
			runOnlyForDeploymentPostprocessing = 0;
		};
/* End PBXResourcesBuildPhase section */

/* Begin PBXSourcesBuildPhase section */
		EA71D66E18DC989500DE49AB /* Sources */ = {
			isa = PBXSourcesBuildPhase;
			buildActionMask = 2147483647;
			files = (
				EA71D68418DC989500DE49AB /* main.m in Sources */,
				EA71D68818DC989500DE49AB /* KwNAppDelegate.m in Sources */,
				EA71D68E18DC989500DE49AB /* BlogReader.xcdatamodeld in Sources */,
				EA71D69118DC989500DE49AB /* KwNMasterViewController.m in Sources */,
				EA71D69418DC989500DE49AB /* KwNDetailViewController.m in Sources */,
			);
			runOnlyForDeploymentPostprocessing = 0;
		};
		EA71D69718DC989500DE49AB /* Sources */ = {
			isa = PBXSourcesBuildPhase;
			buildActionMask = 2147483647;
			files = (
				EA71D6AA18DC989500DE49AB /* BlogReaderTests.m in Sources */,
			);
			runOnlyForDeploymentPostprocessing = 0;
		};
/* End PBXSourcesBuildPhase section */

/* Begin PBXTargetDependency section */
		EA71D6A218DC989500DE49AB /* PBXTargetDependency */ = {
			isa = PBXTargetDependency;
			target = EA71D67118DC989500DE49AB /* BlogReader */;
			targetProxy = EA71D6A118DC989500DE49AB /* PBXContainerItemProxy */;
		};
/* End PBXTargetDependency section */

/* Begin PBXVariantGroup section */
		EA71D68018DC989500DE49AB /* InfoPlist.strings */ = {
			isa = PBXVariantGroup;
			children = (
				EA71D68118DC989500DE49AB /* en */,
			);
			name = InfoPlist.strings;
			sourceTree = "<group>";
		};
		EA71D68918DC989500DE49AB /* Main.storyboard */ = {
			isa = PBXVariantGroup;
			children = (
				EA71D68A18DC989500DE49AB /* Base */,
			);
			name = Main.storyboard;
			sourceTree = "<group>";
		};
		EA71D6A618DC989500DE49AB /* InfoPlist.strings */ = {
			isa = PBXVariantGroup;
			children = (
				EA71D6A718DC989500DE49AB /* en */,
			);
			name = InfoPlist.strings;
			sourceTree = "<group>";
		};
/* End PBXVariantGroup section */

/* Begin XCBuildConfiguration section */
		EA71D6AB18DC989500DE49AB /* Debug */ = {
			isa = XCBuildConfiguration;
			buildSettings = {
				ALWAYS_SEARCH_USER_PATHS = NO;
				CLANG_CXX_LANGUAGE_STANDARD = "gnu++0x";
				CLANG_CXX_LIBRARY = "libc++";
				CLANG_ENABLE_MODULES = YES;
				CLANG_ENABLE_OBJC_ARC = YES;
				CLANG_WARN_BOOL_CONVERSION = YES;
				CLANG_WARN_CONSTANT_CONVERSION = YES;
				CLANG_WARN_DIRECT_OBJC_ISA_USAGE = YES_ERROR;
				CLANG_WARN_EMPTY_BODY = YES;
				CLANG_WARN_ENUM_CONVERSION = YES;
				CLANG_WARN_INT_CONVERSION = YES;
				CLANG_WARN_OBJC_ROOT_CLASS = YES_ERROR;
				CLANG_WARN__DUPLICATE_METHOD_MATCH = YES;
				"CODE_SIGN_IDENTITY[sdk=iphoneos*]" = "iPhone Developer";
				COPY_PHASE_STRIP = NO;
				GCC_C_LANGUAGE_STANDARD = gnu99;
				GCC_DYNAMIC_NO_PIC = NO;
				GCC_OPTIMIZATION_LEVEL = 0;
				GCC_PREPROCESSOR_DEFINITIONS = (
					"DEBUG=1",
					"$(inherited)",
				);
				GCC_SYMBOLS_PRIVATE_EXTERN = NO;
				GCC_WARN_64_TO_32_BIT_CONVERSION = YES;
				GCC_WARN_ABOUT_RETURN_TYPE = YES_ERROR;
				GCC_WARN_UNDECLARED_SELECTOR = YES;
				GCC_WARN_UNINITIALIZED_AUTOS = YES_AGGRESSIVE;
				GCC_WARN_UNUSED_FUNCTION = YES;
				GCC_WARN_UNUSED_VARIABLE = YES;
				IPHONEOS_DEPLOYMENT_TARGET = 7.1;
				ONLY_ACTIVE_ARCH = YES;
				SDKROOT = iphoneos;
			};
			name = Debug;
		};
		EA71D6AC18DC989500DE49AB /* Release */ = {
			isa = XCBuildConfiguration;
			buildSettings = {
				ALWAYS_SEARCH_USER_PATHS = NO;
				CLANG_CXX_LANGUAGE_STANDARD = "gnu++0x";
				CLANG_CXX_LIBRARY = "libc++";
				CLANG_ENABLE_MODULES = YES;
				CLANG_ENABLE_OBJC_ARC = YES;
				CLANG_WARN_BOOL_CONVERSION = YES;
				CLANG_WARN_CONSTANT_CONVERSION = YES;
				CLANG_WARN_DIRECT_OBJC_ISA_USAGE = YES_ERROR;
				CLANG_WARN_EMPTY_BODY = YES;
				CLANG_WARN_ENUM_CONVERSION = YES;
				CLANG_WARN_INT_CONVERSION = YES;
				CLANG_WARN_OBJC_ROOT_CLASS = YES_ERROR;
				CLANG_WARN__DUPLICATE_METHOD_MATCH = YES;
				"CODE_SIGN_IDENTITY[sdk=iphoneos*]" = "iPhone Developer";
				COPY_PHASE_STRIP = YES;
				ENABLE_NS_ASSERTIONS = NO;
				GCC_C_LANGUAGE_STANDARD = gnu99;
				GCC_WARN_64_TO_32_BIT_CONVERSION = YES;
				GCC_WARN_ABOUT_RETURN_TYPE = YES_ERROR;
				GCC_WARN_UNDECLARED_SELECTOR = YES;
				GCC_WARN_UNINITIALIZED_AUTOS = YES_AGGRESSIVE;
				GCC_WARN_UNUSED_FUNCTION = YES;
				GCC_WARN_UNUSED_VARIABLE = YES;
				IPHONEOS_DEPLOYMENT_TARGET = 7.1;
				SDKROOT = iphoneos;
				VALIDATE_PRODUCT = YES;
			};
			name = Release;
		};
		EA71D6AE18DC989500DE49AB /* Debug */ = {
			isa = XCBuildConfiguration;
			buildSettings = {
				ASSETCATALOG_COMPILER_APPICON_NAME = AppIcon;
				ASSETCATALOG_COMPILER_LAUNCHIMAGE_NAME = LaunchImage;
				GCC_PRECOMPILE_PREFIX_HEADER = YES;
				GCC_PREFIX_HEADER = "BlogReader/BlogReader-Prefix.pch";
				INFOPLIST_FILE = "BlogReader/BlogReader-Info.plist";
				PRODUCT_NAME = "$(TARGET_NAME)";
				WRAPPER_EXTENSION = app;
			};
			name = Debug;
		};
		EA71D6AF18DC989500DE49AB /* Release */ = {
			isa = XCBuildConfiguration;
			buildSettings = {
				ASSETCATALOG_COMPILER_APPICON_NAME = AppIcon;
				ASSETCATALOG_COMPILER_LAUNCHIMAGE_NAME = LaunchImage;
				GCC_PRECOMPILE_PREFIX_HEADER = YES;
				GCC_PREFIX_HEADER = "BlogReader/BlogReader-Prefix.pch";
				INFOPLIST_FILE = "BlogReader/BlogReader-Info.plist";
				PRODUCT_NAME = "$(TARGET_NAME)";
				WRAPPER_EXTENSION = app;
			};
			name = Release;
		};
		EA71D6B118DC989500DE49AB /* Debug */ = {
			isa = XCBuildConfiguration;
			buildSettings = {
				BUNDLE_LOADER = "$(BUILT_PRODUCTS_DIR)/BlogReader.app/BlogReader";
				FRAMEWORK_SEARCH_PATHS = (
					"$(SDKROOT)/Developer/Library/Frameworks",
					"$(inherited)",
					"$(DEVELOPER_FRAMEWORKS_DIR)",
				);
				GCC_PRECOMPILE_PREFIX_HEADER = YES;
				GCC_PREFIX_HEADER = "BlogReader/BlogReader-Prefix.pch";
				GCC_PREPROCESSOR_DEFINITIONS = (
					"DEBUG=1",
					"$(inherited)",
				);
				INFOPLIST_FILE = "BlogReaderTests/BlogReaderTests-Info.plist";
				PRODUCT_NAME = "$(TARGET_NAME)";
				TEST_HOST = "$(BUNDLE_LOADER)";
				WRAPPER_EXTENSION = xctest;
			};
			name = Debug;
		};
		EA71D6B218DC989500DE49AB /* Release */ = {
			isa = XCBuildConfiguration;
			buildSettings = {
				BUNDLE_LOADER = "$(BUILT_PRODUCTS_DIR)/BlogReader.app/BlogReader";
				FRAMEWORK_SEARCH_PATHS = (
					"$(SDKROOT)/Developer/Library/Frameworks",
					"$(inherited)",
					"$(DEVELOPER_FRAMEWORKS_DIR)",
				);
				GCC_PRECOMPILE_PREFIX_HEADER = YES;
				GCC_PREFIX_HEADER = "BlogReader/BlogReader-Prefix.pch";
				INFOPLIST_FILE = "BlogReaderTests/BlogReaderTests-Info.plist";
				PRODUCT_NAME = "$(TARGET_NAME)";
				TEST_HOST = "$(BUNDLE_LOADER)";
				WRAPPER_EXTENSION = xctest;
			};
			name = Release;
		};
/* End XCBuildConfiguration section */

/* Begin XCConfigurationList section */
		EA71D66D18DC989500DE49AB /* Build configuration list for PBXProject "BlogReader" */ = {
			isa = XCConfigurationList;
			buildConfigurations = (
				EA71D6AB18DC989500DE49AB /* Debug */,
				EA71D6AC18DC989500DE49AB /* Release */,
			);
			defaultConfigurationIsVisible = 0;
			defaultConfigurationName = Release;
		};
		EA71D6AD18DC989500DE49AB /* Build configuration list for PBXNativeTarget "BlogReader" */ = {
			isa = XCConfigurationList;
			buildConfigurations = (
				EA71D6AE18DC989500DE49AB /* Debug */,
				EA71D6AF18DC989500DE49AB /* Release */,
			);
			defaultConfigurationIsVisible = 0;
		};
		EA71D6B018DC989500DE49AB /* Build configuration list for PBXNativeTarget "BlogReaderTests" */ = {
			isa = XCConfigurationList;
			buildConfigurations = (
				EA71D6B118DC989500DE49AB /* Debug */,
				EA71D6B218DC989500DE49AB /* Release */,
			);
			defaultConfigurationIsVisible = 0;
		};
/* End XCConfigurationList section */

/* Begin XCVersionGroup section */
		EA71D68C18DC989500DE49AB /* BlogReader.xcdatamodeld */ = {
			isa = XCVersionGroup;
			children = (
				EA71D68D18DC989500DE49AB /* BlogReader.xcdatamodel */,
			);
			currentVersion = EA71D68D18DC989500DE49AB /* BlogReader.xcdatamodel */;
			path = BlogReader.xcdatamodeld;
			sourceTree = "<group>";
			versionGroupType = wrapper.xcdatamodel;
		};
/* End XCVersionGroup section */
	};
	rootObject = EA71D66A18DC989500DE49AB /* Project object */;
}
